
Microsoft Visual Studio Solution File, Format Version 12.00
# Visual Studio Version 16
VisualStudioVersion = 16.0.31129.286
MinimumVisualStudioVersion = 10.0.40219.1
Project("{9A19103F-16F7-4668-BE54-9A1E7A4F7556}") = "BankModel.Core", "BankModel.Core\BankModel.Core.csproj", "{0A5C5E71-8053-4383-9F6E-00E963DDB89A}"
EndProject
Project("{FAE04EC0-301F-11D3-BF4B-00C04F79EFBC}") = "BankModel.UnitTests", "BankModel.UnitTests\BankModel.UnitTests.csproj", "{A0288CB1-BCCE-4C41-A65F-AA1F003B094D}"
EndProject
Global
	GlobalSection(SolutionConfigurationPlatforms) = preSolution
		Debug|Any CPU = Debug|Any CPU
		Release|Any CPU = Release|Any CPU
	EndGlobalSection
	GlobalSection(ProjectConfigurationPlatforms) = postSolution
		{0A5C5E71-8053-4383-9F6E-00E963DDB89A}.Debug|Any CPU.ActiveCfg = Debug|Any CPU
		{0A5C5E71-8053-4383-9F6E-00E963DDB89A}.Debug|Any CPU.Build.0 = Debug|Any CPU
		{0A5C5E71-8053-4383-9F6E-00E963DDB89A}.Release|Any CPU.ActiveCfg = Release|Any CPU
		{0A5C5E71-8053-4383-9F6E-00E963DDB89A}.Release|Any CPU.Build.0 = Release|Any CPU
		{A0288CB1-BCCE-4C41-A65F-AA1F003B094D}.Debug|Any CPU.ActiveCfg = Debug|Any CPU
		{A0288CB1-BCCE-4C41-A65F-AA1F003B094D}.Debug|Any CPU.Build.0 = Debug|Any CPU
		{A0288CB1-BCCE-4C41-A65F-AA1F003B094D}.Release|Any CPU.ActiveCfg = Release|Any CPU
		{A0288CB1-BCCE-4C41-A65F-AA1F003B094D}.Release|Any CPU.Build.0 = Release|Any CPU
	EndGlobalSection
	GlobalSection(SolutionProperties) = preSolution
		HideSolutionNode = FALSE
	EndGlobalSection
	GlobalSection(ExtensibilityGlobals) = postSolution
		SolutionGuid = {0595BB10-A40F-4F5B-9813-B1723ADF4677}
	EndGlobalSection
EndGlobal
